// !$*UTF8*$!
{
	archiveVersion = 1;
	classes = {
	};
	objectVersion = 46;
	objects = {

/* Begin PBXBuildFile section */
		34B6F1BA1D336CA200B16C4A /* main.m in Sources */ = {isa = PBXBuildFile; fileRef = 34B6F1B91D336CA200B16C4A /* main.m */; };
		34B6F1BD1D336CA200B16C4A /* AppDelegate.m in Sources */ = {isa = PBXBuildFile; fileRef = 34B6F1BC1D336CA200B16C4A /* AppDelegate.m */; };
		34B6F1C01D336CA200B16C4A /* ViewController.m in Sources */ = {isa = PBXBuildFile; fileRef = 34B6F1BF1D336CA200B16C4A /* ViewController.m */; };
		34B6F1C31D336CA200B16C4A /* Main.storyboard in Resources */ = {isa = PBXBuildFile; fileRef = 34B6F1C11D336CA200B16C4A /* Main.storyboard */; };
		34B6F1C51D336CA200B16C4A /* Assets.xcassets in Resources */ = {isa = PBXBuildFile; fileRef = 34B6F1C41D336CA200B16C4A /* Assets.xcassets */; };
		34B6F1C81D336CA200B16C4A /* LaunchScreen.storyboard in Resources */ = {isa = PBXBuildFile; fileRef = 34B6F1C61D336CA200B16C4A /* LaunchScreen.storyboard */; };
		34B6F1D31D336CA300B16C4A /* NewprojectTests.m in Sources */ = {isa = PBXBuildFile; fileRef = 34B6F1D21D336CA300B16C4A /* NewprojectTests.m */; };
		34B6F1DE1D336CA300B16C4A /* NewprojectUITests.m in Sources */ = {isa = PBXBuildFile; fileRef = 34B6F1DD1D336CA300B16C4A /* NewprojectUITests.m */; };
		34B6F1ED1D33701200B16C4A /* NewView.m in Sources */ = {isa = PBXBuildFile; fileRef = 34B6F1EC1D33701200B16C4A /* NewView.m */; };
/* End PBXBuildFile section */

/* Begin PBXContainerItemProxy section */
		34B6F1CF1D336CA300B16C4A /* PBXContainerItemProxy */ = {
			isa = PBXContainerItemProxy;
			containerPortal = 34B6F1AD1D336CA000B16C4A /* Project object */;
			proxyType = 1;
			remoteGlobalIDString = 34B6F1B41D336CA100B16C4A;
			remoteInfo = Newproject;
		};
		34B6F1DA1D336CA300B16C4A /* PBXContainerItemProxy */ = {
			isa = PBXContainerItemProxy;
			containerPortal = 34B6F1AD1D336CA000B16C4A /* Project object */;
			proxyType = 1;
			remoteGlobalIDString = 34B6F1B41D336CA100B16C4A;
			remoteInfo = Newproject;
		};
/* End PBXContainerItemProxy section */

/* Begin PBXFileReference section */
		34B6F1B51D336CA200B16C4A /* Newproject.app */ = {isa = PBXFileReference; explicitFileType = wrapper.application; includeInIndex = 0; path = Newproject.app; sourceTree = BUILT_PRODUCTS_DIR; };
		34B6F1B91D336CA200B16C4A /* main.m */ = {isa = PBXFileReference; lastKnownFileType = sourcecode.c.objc; path = main.m; sourceTree = "<group>"; };
		34B6F1BB1D336CA200B16C4A /* AppDelegate.h */ = {isa = PBXFileReference; lastKnownFileType = sourcecode.c.h; path = AppDelegate.h; sourceTree = "<group>"; };
		34B6F1BC1D336CA200B16C4A /* AppDelegate.m */ = {isa = PBXFileReference; lastKnownFileType = sourcecode.c.objc; path = AppDelegate.m; sourceTree = "<group>"; };
		34B6F1BE1D336CA200B16C4A /* ViewController.h */ = {isa = PBXFileReference; lastKnownFileType = sourcecode.c.h; path = ViewController.h; sourceTree = "<group>"; };
		34B6F1BF1D336CA200B16C4A /* ViewController.m */ = {isa = PBXFileReference; lastKnownFileType = sourcecode.c.objc; path = ViewController.m; sourceTree = "<group>"; };
		34B6F1C21D336CA200B16C4A /* Base */ = {isa = PBXFileReference; lastKnownFileType = file.storyboard; name = Base; path = Base.lproj/Main.storyboard; sourceTree = "<group>"; };
		34B6F1C41D336CA200B16C4A /* Assets.xcassets */ = {isa = PBXFileReference; lastKnownFileType = folder.assetcatalog; path = Assets.xcassets; sourceTree = "<group>"; };
		34B6F1C71D336CA200B16C4A /* Base */ = {isa = PBXFileReference; lastKnownFileType = file.storyboard; name = Base; path = Base.lproj/LaunchScreen.storyboard; sourceTree = "<group>"; };
		34B6F1C91D336CA200B16C4A /* Info.plist */ = {isa = PBXFileReference; lastKnownFileType = text.plist.xml; path = Info.plist; sourceTree = "<group>"; };
		34B6F1CE1D336CA300B16C4A /* NewprojectTests.xctest */ = {isa = PBXFileReference; explicitFileType = wrapper.cfbundle; includeInIndex = 0; path = NewprojectTests.xctest; sourceTree = BUILT_PRODUCTS_DIR; };
		34B6F1D21D336CA300B16C4A /* NewprojectTests.m */ = {isa = PBXFileReference; lastKnownFileType = sourcecode.c.objc; path = NewprojectTests.m; sourceTree = "<group>"; };
		34B6F1D41D336CA300B16C4A /* Info.plist */ = {isa = PBXFileReference; lastKnownFileType = text.plist.xml; path = Info.plist; sourceTree = "<group>"; };
		34B6F1D91D336CA300B16C4A /* NewprojectUITests.xctest */ = {isa = PBXFileReference; explicitFileType = wrapper.cfbundle; includeInIndex = 0; path = NewprojectUITests.xctest; sourceTree = BUILT_PRODUCTS_DIR; };
		34B6F1DD1D336CA300B16C4A /* NewprojectUITests.m */ = {isa = PBXFileReference; lastKnownFileType = sourcecode.c.objc; path = NewprojectUITests.m; sourceTree = "<group>"; };
		34B6F1DF1D336CA300B16C4A /* Info.plist */ = {isa = PBXFileReference; lastKnownFileType = text.plist.xml; path = Info.plist; sourceTree = "<group>"; };
		34B6F1EB1D33701200B16C4A /* NewView.h */ = {isa = PBXFileReference; fileEncoding = 4; lastKnownFileType = sourcecode.c.h; name = NewView.h; path = ../NewView.h; sourceTree = "<group>"; };
		34B6F1EC1D33701200B16C4A /* NewView.m */ = {isa = PBXFileReference; fileEncoding = 4; lastKnownFileType = sourcecode.c.objc; name = NewView.m; path = ../NewView.m; sourceTree = "<group>"; };
/* End PBXFileReference section */

/* Begin PBXFrameworksBuildPhase section */
		34B6F1B21D336CA100B16C4A /* Frameworks */ = {
			isa = PBXFrameworksBuildPhase;
			buildActionMask = 2147483647;
			files = (
			);
			runOnlyForDeploymentPostprocessing = 0;
		};
		34B6F1CB1D336CA300B16C4A /* Frameworks */ = {
			isa = PBXFrameworksBuildPhase;
			buildActionMask = 2147483647;
			files = (
			);
			runOnlyForDeploymentPostprocessing = 0;
		};
		34B6F1D61D336CA300B16C4A /* Frameworks */ = {
			isa = PBXFrameworksBuildPhase;
			buildActionMask = 2147483647;
			files = (
			);
			runOnlyForDeploymentPostprocessing = 0;
		};
/* End PBXFrameworksBuildPhase section */

/* Begin PBXGroup section */
		34B6F1AC1D336CA000B16C4A = {
			isa = PBXGroup;
			children = (
				34B6F1B71D336CA200B16C4A /* Newproject */,
				34B6F1D11D336CA300B16C4A /* NewprojectTests */,
				34B6F1DC1D336CA300B16C4A /* NewprojectUITests */,
				34B6F1B61D336CA200B16C4A /* Products */,
			);
			sourceTree = "<group>";
		};
		34B6F1B61D336CA200B16C4A /* Products */ = {
			isa = PBXGroup;
			children = (
				34B6F1B51D336CA200B16C4A /* Newproject.app */,
				34B6F1CE1D336CA300B16C4A /* NewprojectTests.xctest */,
				34B6F1D91D336CA300B16C4A /* NewprojectUITests.xctest */,
			);
			name = Products;
			sourceTree = "<group>";
		};
		34B6F1B71D336CA200B16C4A /* Newproject */ = {
			isa = PBXGroup;
			children = (
				34B6F1BB1D336CA200B16C4A /* AppDelegate.h */,
				34B6F1BC1D336CA200B16C4A /* AppDelegate.m */,
				34B6F1BE1D336CA200B16C4A /* ViewController.h */,
				34B6F1BF1D336CA200B16C4A /* ViewController.m */,
				34B6F1EB1D33701200B16C4A /* NewView.h */,
				34B6F1EC1D33701200B16C4A /* NewView.m */,
				34B6F1C11D336CA200B16C4A /* Main.storyboard */,
				34B6F1C41D336CA200B16C4A /* Assets.xcassets */,
				34B6F1C61D336CA200B16C4A /* LaunchScreen.storyboard */,
				34B6F1C91D336CA200B16C4A /* Info.plist */,
				34B6F1B81D336CA200B16C4A /* Supporting Files */,
			);
			path = Newproject;
			sourceTree = "<group>";
		};
		34B6F1B81D336CA200B16C4A /* Supporting Files */ = {
			isa = PBXGroup;
			children = (
				34B6F1B91D336CA200B16C4A /* main.m */,
			);
			name = "Supporting Files";
			sourceTree = "<group>";
		};
		34B6F1D11D336CA300B16C4A /* NewprojectTests */ = {
			isa = PBXGroup;
			children = (
				34B6F1D21D336CA300B16C4A /* NewprojectTests.m */,
				34B6F1D41D336CA300B16C4A /* Info.plist */,
			);
			path = NewprojectTests;
			sourceTree = "<group>";
		};
		34B6F1DC1D336CA300B16C4A /* NewprojectUITests */ = {
			isa = PBXGroup;
			children = (
				34B6F1DD1D336CA300B16C4A /* NewprojectUITests.m */,
				34B6F1DF1D336CA300B16C4A /* Info.plist */,
			);
			path = NewprojectUITests;
			sourceTree = "<group>";
		};
/* End PBXGroup section */

/* Begin PBXNativeTarget section */
		34B6F1B41D336CA100B16C4A /* Newproject */ = {
			isa = PBXNativeTarget;
			buildConfigurationList = 34B6F1E21D336CA300B16C4A /* Build configuration list for PBXNativeTarget "Newproject" */;
			buildPhases = (
				34B6F1B11D336CA100B16C4A /* Sources */,
				34B6F1B21D336CA100B16C4A /* Frameworks */,
				34B6F1B31D336CA100B16C4A /* Resources */,
			);
			buildRules = (
			);
			dependencies = (
			);
			name = Newproject;
			productName = Newproject;
			productReference = 34B6F1B51D336CA200B16C4A /* Newproject.app */;
			productType = "com.apple.product-type.application";
		};
		34B6F1CD1D336CA300B16C4A /* NewprojectTests */ = {
			isa = PBXNativeTarget;
			buildConfigurationList = 34B6F1E51D336CA300B16C4A /* Build configuration list for PBXNativeTarget "NewprojectTests" */;
			buildPhases = (
				34B6F1CA1D336CA300B16C4A /* Sources */,
				34B6F1CB1D336CA300B16C4A /* Frameworks */,
				34B6F1CC1D336CA300B16C4A /* Resources */,
			);
			buildRules = (
			);
			dependencies = (
				34B6F1D01D336CA300B16C4A /* PBXTargetDependency */,
			);
			name = NewprojectTests;
			productName = NewprojectTests;
			productReference = 34B6F1CE1D336CA300B16C4A /* NewprojectTests.xctest */;
			productType = "com.apple.product-type.bundle.unit-test";
		};
		34B6F1D81D336CA300B16C4A /* NewprojectUITests */ = {
			isa = PBXNativeTarget;
			buildConfigurationList = 34B6F1E81D336CA300B16C4A /* Build configuration list for PBXNativeTarget "NewprojectUITests" */;
			buildPhases = (
				34B6F1D51D336CA300B16C4A /* Sources */,
				34B6F1D61D336CA300B16C4A /* Frameworks */,
				34B6F1D71D336CA300B16C4A /* Resources */,
			);
			buildRules = (
			);
			dependencies = (
				34B6F1DB1D336CA300B16C4A /* PBXTargetDependency */,
			);
			name = NewprojectUITests;
			productName = NewprojectUITests;
			productReference = 34B6F1D91D336CA300B16C4A /* NewprojectUITests.xctest */;
			productType = "com.apple.product-type.bundle.ui-testing";
		};
/* End PBXNativeTarget section */

/* Begin PBXProject section */
		34B6F1AD1D336CA000B16C4A /* Project object */ = {
			isa = PBXProject;
			attributes = {
				LastUpgradeCheck = 0730;
				ORGANIZATIONNAME = "Dipesh Saini";
				TargetAttributes = {
					34B6F1B41D336CA100B16C4A = {
						CreatedOnToolsVersion = 7.3;
					};
					34B6F1CD1D336CA300B16C4A = {
						CreatedOnToolsVersion = 7.3;
						TestTargetID = 34B6F1B41D336CA100B16C4A;
					};
					34B6F1D81D336CA300B16C4A = {
						CreatedOnToolsVersion = 7.3;
						TestTargetID = 34B6F1B41D336CA100B16C4A;
					};
				};
			};
			buildConfigurationList = 34B6F1B01D336CA100B16C4A /* Build configuration list for PBXProject "Newproject" */;
			compatibilityVersion = "Xcode 3.2";
			developmentRegion = English;
			hasScannedForEncodings = 0;
			knownRegions = (
				en,
				Base,
			);
			mainGroup = 34B6F1AC1D336CA000B16C4A;
			productRefGroup = 34B6F1B61D336CA200B16C4A /* Products */;
			projectDirPath = "";
			projectRoot = "";
			targets = (
				34B6F1B41D336CA100B16C4A /* Newproject */,
				34B6F1CD1D336CA300B16C4A /* NewprojectTests */,
				34B6F1D81D336CA300B16C4A /* NewprojectUITests */,
			);
		};
/* End PBXProject section */

/* Begin PBXResourcesBuildPhase section */
		34B6F1B31D336CA100B16C4A /* Resources */ = {
			isa = PBXResourcesBuildPhase;
			buildActionMask = 2147483647;
			files = (
				34B6F1C81D336CA200B16C4A /* LaunchScreen.storyboard in Resources */,
				34B6F1C51D336CA200B16C4A /* Assets.xcassets in Resources */,
				34B6F1C31D336CA200B16C4A /* Main.storyboard in Resources */,
			);
			runOnlyForDeploymentPostprocessing = 0;
		};
		34B6F1CC1D336CA300B16C4A /* Resources */ = {
			isa = PBXResourcesBuildPhase;
			buildActionMask = 2147483647;
			files = (
			);
			runOnlyForDeploymentPostprocessing = 0;
		};
		34B6F1D71D336CA300B16C4A /* Resources */ = {
			isa = PBXResourcesBuildPhase;
			buildActionMask = 2147483647;
			files = (
			);
			runOnlyForDeploymentPostprocessing = 0;
		};
/* End PBXResourcesBuildPhase section */

/* Begin PBXSourcesBuildPhase section */
		34B6F1B11D336CA100B16C4A /* Sources */ = {
			isa = PBXSourcesBuildPhase;
			buildActionMask = 2147483647;
			files = (
				34B6F1C01D336CA200B16C4A /* ViewController.m in Sources */,
				34B6F1ED1D33701200B16C4A /* NewView.m in Sources */,
				34B6F1BD1D336CA200B16C4A /* AppDelegate.m in Sources */,
				34B6F1BA1D336CA200B16C4A /* main.m in Sources */,
			);
			runOnlyForDeploymentPostprocessing = 0;
		};
		34B6F1CA1D336CA300B16C4A /* Sources */ = {
			isa = PBXSourcesBuildPhase;
			buildActionMask = 2147483647;
			files = (
				34B6F1D31D336CA300B16C4A /* NewprojectTests.m in Sources */,
			);
			runOnlyForDeploymentPostprocessing = 0;
		};
		34B6F1D51D336CA300B16C4A /* Sources */ = {
			isa = PBXSourcesBuildPhase;
			buildActionMask = 2147483647;
			files = (
				34B6F1DE1D336CA300B16C4A /* NewprojectUITests.m in Sources */,
			);
			runOnlyForDeploymentPostprocessing = 0;
		};
/* End PBXSourcesBuildPhase section */

/* Begin PBXTargetDependency section */
		34B6F1D01D336CA300B16C4A /* PBXTargetDependency */ = {
			isa = PBXTargetDependency;
			target = 34B6F1B41D336CA100B16C4A /* Newproject */;
			targetProxy = 34B6F1CF1D336CA300B16C4A /* PBXContainerItemProxy */;
		};
		34B6F1DB1D336CA300B16C4A /* PBXTargetDependency */ = {
			isa = PBXTargetDependency;
			target = 34B6F1B41D336CA100B16C4A /* Newproject */;
			targetProxy = 34B6F1DA1D336CA300B16C4A /* PBXContainerItemProxy */;
		};
/* End PBXTargetDependency section */

/* Begin PBXVariantGroup section */
		34B6F1C11D336CA200B16C4A /* Main.storyboard */ = {
			isa = PBXVariantGroup;
			children = (
				34B6F1C21D336CA200B16C4A /* Base */,
			);
			name = Main.storyboard;
			sourceTree = "<group>";
		};
		34B6F1C61D336CA200B16C4A /* LaunchScreen.storyboard */ = {
			isa = PBXVariantGroup;
			children = (
				34B6F1C71D336CA200B16C4A /* Base */,
			);
			name = LaunchScreen.storyboard;
			sourceTree = "<group>";
		};
/* End PBXVariantGroup section */

/* Begin XCBuildConfiguration section */
		34B6F1E01D336CA300B16C4A /* Debug */ = {
			isa = XCBuildConfiguration;
			buildSettings = {
				ALWAYS_SEARCH_USER_PATHS = NO;
				CLANG_ANALYZER_NONNULL = YES;
				CLANG_CXX_LANGUAGE_STANDARD = "gnu++0x";
				CLANG_CXX_LIBRARY = "libc++";
				CLANG_ENABLE_MODULES = YES;
				CLANG_ENABLE_OBJC_ARC = YES;
				CLANG_WARN_BOOL_CONVERSION = YES;
				CLANG_WARN_CONSTANT_CONVERSION = YES;
				CLANG_WARN_DIRECT_OBJC_ISA_USAGE = YES_ERROR;
				CLANG_WARN_EMPTY_BODY = YES;
				CLANG_WARN_ENUM_CONVERSION = YES;
				CLANG_WARN_INT_CONVERSION = YES;
				CLANG_WARN_OBJC_ROOT_CLASS = YES_ERROR;
				CLANG_WARN_UNREACHABLE_CODE = YES;
				CLANG_WARN__DUPLICATE_METHOD_MATCH = YES;
				"CODE_SIGN_IDENTITY[sdk=iphoneos*]" = "iPhone Developer";
				COPY_PHASE_STRIP = NO;
				DEBUG_INFORMATION_FORMAT = dwarf;
				ENABLE_STRICT_OBJC_MSGSEND = YES;
				ENABLE_TESTABILITY = YES;
				GCC_C_LANGUAGE_STANDARD = gnu99;
				GCC_DYNAMIC_NO_PIC = NO;
				GCC_NO_COMMON_BLOCKS = YES;
				GCC_OPTIMIZATION_LEVEL = 0;
				GCC_PREPROCESSOR_DEFINITIONS = (
					"DEBUG=1",
					"$(inherited)",
				);
				GCC_WARN_64_TO_32_BIT_CONVERSION = YES;
				GCC_WARN_ABOUT_RETURN_TYPE = YES_ERROR;
				GCC_WARN_UNDECLARED_SELECTOR = YES;
				GCC_WARN_UNINITIALIZED_AUTOS = YES_AGGRESSIVE;
				GCC_WARN_UNUSED_FUNCTION = YES;
				GCC_WARN_UNUSED_VARIABLE = YES;
				IPHONEOS_DEPLOYMENT_TARGET = 9.3;
				MTL_ENABLE_DEBUG_INFO = YES;
				ONLY_ACTIVE_ARCH = YES;
				SDKROOT = iphoneos;
			};
			name = Debug;
		};
		34B6F1E11D336CA300B16C4A /* Release */ = {
			isa = XCBuildConfiguration;
			buildSettings = {
				ALWAYS_SEARCH_USER_PATHS = NO;
				CLANG_ANALYZER_NONNULL = YES;
				CLANG_CXX_LANGUAGE_STANDARD = "gnu++0x";
				CLANG_CXX_LIBRARY = "libc++";
				CLANG_ENABLE_MODULES = YES;
				CLANG_ENABLE_OBJC_ARC = YES;
				CLANG_WARN_BOOL_CONVERSION = YES;
				CLANG_WARN_CONSTANT_CONVERSION = YES;
				CLANG_WARN_DIRECT_OBJC_ISA_USAGE = YES_ERROR;
				CLANG_WARN_EMPTY_BODY = YES;
				CLANG_WARN_ENUM_CONVERSION = YES;
				CLANG_WARN_INT_CONVERSION = YES;
				CLANG_WARN_OBJC_ROOT_CLASS = YES_ERROR;
				CLANG_WARN_UNREACHABLE_CODE = YES;
				CLANG_WARN__DUPLICATE_METHOD_MATCH = YES;
				"CODE_SIGN_IDENTITY[sdk=iphoneos*]" = "iPhone Developer";
				COPY_PHASE_STRIP = NO;
				DEBUG_INFORMATION_FORMAT = "dwarf-with-dsym";
				ENABLE_NS_ASSERTIONS = NO;
				ENABLE_STRICT_OBJC_MSGSEND = YES;
				GCC_C_LANGUAGE_STANDARD = gnu99;
				GCC_NO_COMMON_BLOCKS = YES;
				GCC_WARN_64_TO_32_BIT_CONVERSION = YES;
				GCC_WARN_ABOUT_RETURN_TYPE = YES_ERROR;
				GCC_WARN_UNDECLARED_SELECTOR = YES;
				GCC_WARN_UNINITIALIZED_AUTOS = YES_AGGRESSIVE;
				GCC_WARN_UNUSED_FUNCTION = YES;
				GCC_WARN_UNUSED_VARIABLE = YES;
				IPHONEOS_DEPLOYMENT_TARGET = 9.3;
				MTL_ENABLE_DEBUG_INFO = NO;
				SDKROOT = iphoneos;
				VALIDATE_PRODUCT = YES;
			};
			name = Release;
		};
		34B6F1E31D336CA300B16C4A /* Debug */ = {
			isa = XCBuildConfiguration;
			buildSettings = {
				ASSETCATALOG_COMPILER_APPICON_NAME = AppIcon;
				INFOPLIST_FILE = Newproject/Info.plist;
				LD_RUNPATH_SEARCH_PATHS = "$(inherited) @executable_path/Frameworks";
				PRODUCT_BUNDLE_IDENTIFIER = Saini.Newproject;
				PRODUCT_NAME = "$(TARGET_NAME)";
			};
			name = Debug;
		};
		34B6F1E41D336CA300B16C4A /* Release */ = {
			isa = XCBuildConfiguration;
			buildSettings = {
				ASSETCATALOG_COMPILER_APPICON_NAME = AppIcon;
				INFOPLIST_FILE = Newproject/Info.plist;
				LD_RUNPATH_SEARCH_PATHS = "$(inherited) @executable_path/Frameworks";
				PRODUCT_BUNDLE_IDENTIFIER = Saini.Newproject;
				PRODUCT_NAME = "$(TARGET_NAME)";
			};
			name = Release;
		};
		34B6F1E61D336CA300B16C4A /* Debug */ = {
			isa = XCBuildConfiguration;
			buildSettings = {
				BUNDLE_LOADER = "$(TEST_HOST)";
				INFOPLIST_FILE = NewprojectTests/Info.plist;
				LD_RUNPATH_SEARCH_PATHS = "$(inherited) @executable_path/Frameworks @loader_path/Frameworks";
				PRODUCT_BUNDLE_IDENTIFIER = Saini.NewprojectTests;
				PRODUCT_NAME = "$(TARGET_NAME)";
				TEST_HOST = "$(BUILT_PRODUCTS_DIR)/Newproject.app/Newproject";
			};
			name = Debug;
		};
		34B6F1E71D336CA300B16C4A /* Release */ = {
			isa = XCBuildConfiguration;
			buildSettings = {
				BUNDLE_LOADER = "$(TEST_HOST)";
				INFOPLIST_FILE = NewprojectTests/Info.plist;
				LD_RUNPATH_SEARCH_PATHS = "$(inherited) @executable_path/Frameworks @loader_path/Frameworks";
				PRODUCT_BUNDLE_IDENTIFIER = Saini.NewprojectTests;
				PRODUCT_NAME = "$(TARGET_NAME)";
				TEST_HOST = "$(BUILT_PRODUCTS_DIR)/Newproject.app/Newproject";
			};
			name = Release;
		};
		34B6F1E91D336CA300B16C4A /* Debug */ = {
			isa = XCBuildConfiguration;
			buildSettings = {
				INFOPLIST_FILE = NewprojectUITests/Info.plist;
				LD_RUNPATH_SEARCH_PATHS = "$(inherited) @executable_path/Frameworks @loader_path/Frameworks";
				PRODUCT_BUNDLE_IDENTIFIER = Saini.NewprojectUITests;
				PRODUCT_NAME = "$(TARGET_NAME)";
				TEST_TARGET_NAME = Newproject;
			};
			name = Debug;
		};
		34B6F1EA1D336CA300B16C4A /* Release */ = {
			isa = XCBuildConfiguration;
			buildSettings = {
				INFOPLIST_FILE = NewprojectUITests/Info.plist;
				LD_RUNPATH_SEARCH_PATHS = "$(inherited) @executable_path/Frameworks @loader_path/Frameworks";
				PRODUCT_BUNDLE_IDENTIFIER = Saini.NewprojectUITests;
				PRODUCT_NAME = "$(TARGET_NAME)";
				TEST_TARGET_NAME = Newproject;
			};
			name = Release;
		};
/* End XCBuildConfiguration section */

/* Begin XCConfigurationList section */
		34B6F1B01D336CA100B16C4A /* Build configuration list for PBXProject "Newproject" */ = {
			isa = XCConfigurationList;
			buildConfigurations = (
				34B6F1E01D336CA300B16C4A /* Debug */,
				34B6F1E11D336CA300B16C4A /* Release */,
			);
			defaultConfigurationIsVisible = 0;
			defaultConfigurationName = Release;
		};
		34B6F1E21D336CA300B16C4A /* Build configuration list for PBXNativeTarget "Newproject" */ = {
			isa = XCConfigurationList;
			buildConfigurations = (
				34B6F1E31D336CA300B16C4A /* Debug */,
				34B6F1E41D336CA300B16C4A /* Release */,
			);
			defaultConfigurationIsVisible = 0;
		};
		34B6F1E51D336CA300B16C4A /* Build configuration list for PBXNativeTarget "NewprojectTests" */ = {
			isa = XCConfigurationList;
			buildConfigurations = (
				34B6F1E61D336CA300B16C4A /* Debug */,
				34B6F1E71D336CA300B16C4A /* Release */,
			);
			defaultConfigurationIsVisible = 0;
		};
		34B6F1E81D336CA300B16C4A /* Build configuration list for PBXNativeTarget "NewprojectUITests" */ = {
			isa = XCConfigurationList;
			buildConfigurations = (
				34B6F1E91D336CA300B16C4A /* Debug */,
				34B6F1EA1D336CA300B16C4A /* Release */,
			);
			defaultConfigurationIsVisible = 0;
		};
/* End XCConfigurationList section */
	};
	rootObject = 34B6F1AD1D336CA000B16C4A /* Project object */;
}
